{
  "name": "lono",
  "version": "1.0.0",
  "lockfileVersion": 1,
  "requires": true,
  "dependencies": {
    "@material/animation": {
      "version": "0.25.0",
      "resolved": "https://registry.npmjs.org/@material/animation/-/animation-0.25.0.tgz",
      "integrity": "sha512-4RzlpMwJtMnQ3/rNf4zpG9qnoQcCkYiRs6U515MRQzv7qFl1eCZx3U3dGaUu7UVf3Hwx4RskUB/fBxGc0b61CQ=="
    },
    "@material/auto-init": {
      "version": "0.25.0",
      "resolved": "https://registry.npmjs.org/@material/auto-init/-/auto-init-0.25.0.tgz",
      "integrity": "sha512-5nZOslGcZUczKXfMPBze5fgAb3OAmoeGxm3h6x3QLZP7FMXgyRpofH6AGw5oDIiXmvSM8r2+sduwW9OfgMlTMA=="
    },
    "@material/base": {
      "version": "0.24.0",
      "resolved": "https://registry.npmjs.org/@material/base/-/base-0.24.0.tgz",
      "integrity": "sha512-RG1SbHl6M8a0fdrMAoMm7Fc8jkuj3HhZd0f8Dy5kfUtQk3I7PyzD+MLCrmCHgUAlKbcK2J9VxJWpd4isZr3x9w=="
    },
    "@material/button": {
      "version": "0.27.0",
      "resolved": "https://registry.npmjs.org/@material/button/-/button-0.27.0.tgz",
      "integrity": "sha512-K48NRs4QtVRqTsPGHEo/5eiOBf5VVHOMTB7MA5ZvtH+uMcqtpea7LQe2mbOE+LXHQafCoRw1PHEi2nCdGa95IA==",
      "requires": {
        "@material/elevation": "0.25.0",
        "@material/ripple": "0.27.0",
        "@material/theme": "0.27.0",
        "@material/typography": "0.3.0"
      }
    },
    "@material/card": {
      "version": "0.27.0",
      "resolved": "https://registry.npmjs.org/@material/card/-/card-0.27.0.tgz",
      "integrity": "sha512-cit86kCLOLPx2gxOOePLyRAr2Zgt82udt7e+eyb/qMkfWXlAidd0IEqX/yaq4izAnBfcdGB3AfyseS5STLiEmA==",
      "requires": {
        "@material/elevation": "0.25.0",
        "@material/rtl": "0.1.8",
        "@material/theme": "0.27.0",
        "@material/typography": "0.3.0"
      }
    },
    "@material/checkbox": {
      "version": "0.27.0",
      "resolved": "https://registry.npmjs.org/@material/checkbox/-/checkbox-0.27.0.tgz",
      "integrity": "sha512-/tZ19dSHEN/oRI33m1EV5cvXjsKChjBDXNkOCpEbanMVzTzYTOPnNWO96veB++wNk4sKc4qCEoDFoklo+ip21w==",
      "requires": {
        "@material/animation": "0.25.0",
        "@material/base": "0.24.0",
        "@material/ripple": "0.27.0",
        "@material/rtl": "0.1.8",
        "@material/selection-control": "0.27.0",
        "@material/theme": "0.27.0"
      }
    },
    "@material/dialog": {
      "version": "0.27.0",
      "resolved": "https://registry.npmjs.org/@material/dialog/-/dialog-0.27.0.tgz",
      "integrity": "sha512-ly0+VVxsemfH5ut2zYsj+g8rnPaK4lpcC9vCX96gdjLnZZyjt63/k/nf0bjBJoBd5jF/fpMjUpxvd03zFV6KZA==",
      "requires": {
        "@material/animation": "0.25.0",
        "@material/base": "0.24.0",
        "@material/elevation": "0.25.0",
        "@material/ripple": "0.27.0",
        "@material/rtl": "0.1.8",
        "@material/theme": "0.27.0",
        "@material/typography": "0.1.1",
        "focus-trap": "2.4.2"
      },
      "dependencies": {
        "@material/typography": {
          "version": "0.1.1",
          "resolved": "https://registry.npmjs.org/@material/typography/-/typography-0.1.1.tgz",
          "integrity": "sha1-+y40N70yhNOen7kUhXZ63msr0ME="
        }
      }
    },
    "@material/drawer": {
      "version": "0.27.0",
      "resolved": "https://registry.npmjs.org/@material/drawer/-/drawer-0.27.0.tgz",
      "integrity": "sha512-glg3IG7G9Autc9Yjf7qUm8cuT1T/Z/oeg3WHESvRAvX/lLgX95ZKVmkKhS0Odsk+F2iC7zksFJWoyZdzgLqlJg==",
      "requires": {
        "@material/animation": "0.25.0",
        "@material/base": "0.24.0",
        "@material/elevation": "0.25.0",
        "@material/rtl": "0.1.8",
        "@material/theme": "0.27.0",
        "@material/typography": "0.3.0"
      }
    },
    "@material/elevation": {
      "version": "0.25.0",
      "resolved": "https://registry.npmjs.org/@material/elevation/-/elevation-0.25.0.tgz",
      "integrity": "sha512-3TU+Far+D7qo8UqghRIRPp2riXV457L2bULiv+KY9WglWR5eyX3l1BfApgEbza+ltZCVcbrtiTcRVpCI18zIqA==",
      "requires": {
        "@material/animation": "0.25.0",
        "@material/theme": "0.4.0"
      },
      "dependencies": {
        "@material/theme": {
          "version": "0.4.0",
          "resolved": "https://registry.npmjs.org/@material/theme/-/theme-0.4.0.tgz",
          "integrity": "sha1-Cu8aAnm2XBWZBYT7i47KCVxzRkE="
        }
      }
    },
    "@material/fab": {
      "version": "0.27.0",
      "resolved": "https://registry.npmjs.org/@material/fab/-/fab-0.27.0.tgz",
      "integrity": "sha512-7UTBa4M1YIq6wkseQ7kjx7FR3bxnJoV8V+wZXet/GZBlG3KhYTXIxazwqMGU2WnuwDXvquq2rhNxG9ZXj028jQ==",
      "requires": {
        "@material/animation": "0.25.0",
        "@material/elevation": "0.25.0",
        "@material/ripple": "0.27.0",
        "@material/theme": "0.27.0"
      }
    },
    "@material/form-field": {
      "version": "0.27.0",
      "resolved": "https://registry.npmjs.org/@material/form-field/-/form-field-0.27.0.tgz",
      "integrity": "sha512-KBO2BpKLnMxlG/RjkZLBv7DvW7NVFUIlEcbirLKcxGpa3KW1PuzVl6Pe0jfSXxGl5O0YzExONb6jZk5pOE9Rhw==",
      "requires": {
        "@material/base": "0.24.0",
        "@material/rtl": "0.1.8",
        "@material/selection-control": "0.27.0",
        "@material/theme": "0.27.0",
        "@material/typography": "0.3.0"
      }
    },
    "@material/grid-list": {
      "version": "0.27.0",
      "resolved": "https://registry.npmjs.org/@material/grid-list/-/grid-list-0.27.0.tgz",
      "integrity": "sha512-hEKGoDGu/7eIjitDZrA7oQGdrBXIPLZCR6rKgW/dRIVtjKKI8ZjMN5RkzZ2gmHyZyxAL7iTRq6KTtLfdnpWprg==",
      "requires": {
        "@material/base": "0.24.0",
        "@material/rtl": "0.1.8",
        "@material/theme": "0.27.0",
        "@material/typography": "0.3.0"
      }
    },
    "@material/icon-toggle": {
      "version": "0.27.0",
      "resolved": "https://registry.npmjs.org/@material/icon-toggle/-/icon-toggle-0.27.0.tgz",
      "integrity": "sha512-TMNyyjrLDs9d73Nvtq4U7guAFO0Lw1gmwmtIFemMgmx0Zz4qMztGamIe/G72Ue3OSPG4RNGOgQYRgVr5zh3OPg==",
      "requires": {
        "@material/animation": "0.25.0",
        "@material/base": "0.24.0",
        "@material/ripple": "0.27.0",
        "@material/theme": "0.27.0"
      }
    },
    "@material/layout-grid": {
      "version": "0.24.0",
      "resolved": "https://registry.npmjs.org/@material/layout-grid/-/layout-grid-0.24.0.tgz",
      "integrity": "sha512-38Si5CQgRkQwTSVb+lfCZkH8QEe1/HWfj2yNmK5OIFRMBFbSjQRsvf3p+aU1R7fM4TDjNKcgUWqRtBnKuUjNCQ=="
    },
    "@material/linear-progress": {
      "version": "0.27.0",
      "resolved": "https://registry.npmjs.org/@material/linear-progress/-/linear-progress-0.27.0.tgz",
      "integrity": "sha512-XitcSts6MU0pDnkg54rovFlHgfNJuhhWM0kgEtMIicCurEGbS0Ptg5H+B5DVejBimeZQBZtnl53y0+Q1b/TSMA==",
      "requires": {
        "@material/animation": "0.25.0",
        "@material/base": "0.24.0",
        "@material/theme": "0.27.0"
      }
    },
    "@material/list": {
      "version": "0.27.0",
      "resolved": "https://registry.npmjs.org/@material/list/-/list-0.27.0.tgz",
      "integrity": "sha512-F/eTyB1mFR/MzkgkeIeEC7tNxKLh3+zn20KX7PGiRY1P+j30jzk3M7O7Zp+5OS4SEOBFUZLbff9qWpxUvUvolg==",
      "requires": {
        "@material/ripple": "0.27.0",
        "@material/rtl": "0.1.8",
        "@material/theme": "0.27.0",
        "@material/typography": "0.3.0"
      }
    },
    "@material/menu": {
      "version": "0.27.0",
      "resolved": "https://registry.npmjs.org/@material/menu/-/menu-0.27.0.tgz",
      "integrity": "sha512-JV485C66qIjJ3O7Fleox8vI3lWyKoF8gTDNaMv1fnND5XXYqlSIBsdE5QP6/8HQcEZTTozfsv7N6VZC/F5pwEw==",
      "requires": {
        "@material/animation": "0.25.0",
        "@material/base": "0.24.0",
        "@material/elevation": "0.25.0",
        "@material/theme": "0.27.0",
        "@material/typography": "0.3.0"
      }
    },
    "@material/radio": {
      "version": "0.27.0",
      "resolved": "https://registry.npmjs.org/@material/radio/-/radio-0.27.0.tgz",
      "integrity": "sha512-0pfsAyJcHjl5b4mcJFDeXifATvAfx93qQrVu0x7TYaDswzl5omOiLMeaVmlcPjDuueiD0gJxz+IDVnDM7fKsaA==",
      "requires": {
        "@material/animation": "0.25.0",
        "@material/base": "0.24.0",
        "@material/ripple": "0.27.0",
        "@material/selection-control": "0.27.0",
        "@material/theme": "0.27.0"
      }
    },
    "@material/ripple": {
      "version": "0.27.0",
      "resolved": "https://registry.npmjs.org/@material/ripple/-/ripple-0.27.0.tgz",
      "integrity": "sha512-RhN6B7+r+m+YY+T0HjBGabs1DmCXkR9n/TJPKO4DvFJ7Cck03/sjMtdg7WSqIemP+9xDv6u8lhUMaW9d3Fu2Pw==",
      "requires": {
        "@material/base": "0.24.0",
        "@material/theme": "0.27.0"
      }
    },
    "@material/rtl": {
      "version": "0.1.8",
      "resolved": "https://registry.npmjs.org/@material/rtl/-/rtl-0.1.8.tgz",
      "integrity": "sha512-NzBobwxvhJg+dch99pVO+Z9HL1DM+esuIy5WYXgM7trfOVh8n9DkVo5vD/NKnDy6F5wCaRnJOI5T19Tev6c9Zw=="
    },
    "@material/select": {
      "version": "0.27.0",
      "resolved": "https://registry.npmjs.org/@material/select/-/select-0.27.0.tgz",
      "integrity": "sha512-hi2PpkuyIFkfwq5mbac3NocsN3sqH/6eMUemQFRrjrLbbWvRxt2NvoADAg0MR6GdkzKOW6EhiuDoETUDzziFlg==",
      "requires": {
        "@material/animation": "0.25.0",
        "@material/base": "0.24.0",
        "@material/list": "0.27.0",
        "@material/menu": "0.27.0",
        "@material/ripple": "0.27.0",
        "@material/rtl": "0.1.8",
        "@material/theme": "0.27.0",
        "@material/typography": "0.3.0"
      }
    },
    "@material/selection-control": {
      "version": "0.27.0",
      "resolved": "https://registry.npmjs.org/@material/selection-control/-/selection-control-0.27.0.tgz",
      "integrity": "sha512-qHXAmDlRwIgzc1bA9T4BK1JudkqdphaLggI0S9kBBfSpI2NFfE02F29ldTHl0WX9lvzcLKPswIcHkqbp5z0Oug==",
      "requires": {
        "@material/ripple": "0.27.0"
      }
    },
    "@material/slider": {
      "version": "0.27.0",
      "resolved": "https://registry.npmjs.org/@material/slider/-/slider-0.27.0.tgz",
      "integrity": "sha512-RVZTEI+KHuDVSbs234hr0FHBYYtuCaZpI2YhDEUrkdD57iVKPqLNCROmCtoxvuselVanho3awAKUJZw6Jj6ovA==",
      "requires": {
        "@material/animation": "0.25.0",
        "@material/base": "0.24.0",
        "@material/rtl": "0.1.8",
        "@material/theme": "0.27.0"
      }
    },
    "@material/snackbar": {
      "version": "0.27.0",
      "resolved": "https://registry.npmjs.org/@material/snackbar/-/snackbar-0.27.0.tgz",
      "integrity": "sha512-BKlfrUJbAn4VU/VpJ9XBOehJxdzk790nEod6Qd2jXr50NsSXdGvSMRBb5Oo1vW4qaBjIq64zVkuqWi2zBAJ7og==",
      "requires": {
        "@material/animation": "0.25.0",
        "@material/base": "0.24.0",
        "@material/rtl": "0.1.8",
        "@material/theme": "0.27.0",
        "@material/typography": "0.3.0"
      }
    },
    "@material/switch": {
      "version": "0.27.0",
      "resolved": "https://registry.npmjs.org/@material/switch/-/switch-0.27.0.tgz",
      "integrity": "sha512-3lpnimQtARUwT2jB3Zp1h1lViA4pKqktFYThQe8s+6BJRyW7BGWMLH3c+pJ7TuRXYmJ+xPGM7yuPG2N8Vo8G5A==",
      "requires": {
        "@material/animation": "0.25.0",
        "@material/elevation": "0.25.0",
        "@material/theme": "0.27.0"
      }
    },
    "@material/tabs": {
      "version": "0.27.0",
      "resolved": "https://registry.npmjs.org/@material/tabs/-/tabs-0.27.0.tgz",
      "integrity": "sha512-icAzVT6sBEA+vsCnobzantJiZdzOcMNAquBIupswBqkb5zPDShDg5BkCvi6CiLHijqDMRMofg4shqq5UdUqDDw==",
      "requires": {
        "@material/animation": "0.25.0",
        "@material/base": "0.24.0",
        "@material/ripple": "0.27.0",
        "@material/rtl": "0.1.8",
        "@material/theme": "0.27.0",
        "@material/typography": "0.3.0"
      }
    },
    "@material/textfield": {
      "version": "0.27.0",
      "resolved": "https://registry.npmjs.org/@material/textfield/-/textfield-0.27.0.tgz",
      "integrity": "sha512-nrru1z3P+tSteQoqb8qJ109oZW9oK2OEjRFTvfeNgJtz6/QJEsAMDKDlGZ/7jX7PTVPMYeakEgbHyDyGD0x9HA==",
      "requires": {
        "@material/animation": "0.25.0",
        "@material/base": "0.24.0",
        "@material/ripple": "0.27.0",
        "@material/rtl": "0.1.8",
        "@material/theme": "0.27.0",
        "@material/typography": "0.3.0"
      }
    },
    "@material/theme": {
      "version": "0.27.0",
      "resolved": "https://registry.npmjs.org/@material/theme/-/theme-0.27.0.tgz",
      "integrity": "sha512-H41/AgCfuCN6jziasTiuNnRtASUBAUOwWAVyWHrcUBSyoUgYMsVpalrMk3goVDMiVPVrxL+yjg8uE6t0zemmbw=="
    },
    "@material/toolbar": {
      "version": "0.27.0",
      "resolved": "https://registry.npmjs.org/@material/toolbar/-/toolbar-0.27.0.tgz",
      "integrity": "sha512-n+NDsT+gW0ko7Z7EBu5j5aoJTTPKkYIz/GanmbYr2Voimyo+IEkTE7Rk14EL+ZPUmIHjSVrMmdO90SgKCz7RkQ==",
      "requires": {
        "@material/base": "0.24.0",
        "@material/elevation": "0.25.0",
        "@material/rtl": "0.1.8",
        "@material/theme": "0.27.0",
        "@material/typography": "0.3.0"
      }
    },
    "@material/typography": {
      "version": "0.3.0",
      "resolved": "https://registry.npmjs.org/@material/typography/-/typography-0.3.0.tgz",
      "integrity": "sha1-+CjC0yFb/WbFgHJwm0JgxkElOQo="
    },
    "accepts": {
      "version": "1.3.4",
      "resolved": "https://registry.npmjs.org/accepts/-/accepts-1.3.4.tgz",
      "integrity": "sha1-hiRnWMfdbSGmR0/whKR0DsBesh8=",
      "requires": {
        "mime-types": "2.1.17",
        "negotiator": "0.6.1"
      }
    },
    "any-promise": {
      "version": "1.3.0",
      "resolved": "https://registry.npmjs.org/any-promise/-/any-promise-1.3.0.tgz",
      "integrity": "sha1-q8av7tzqUugJzcA3au0845Y10X8="
    },
    "asap": {
      "version": "2.0.6",
      "resolved": "https://registry.npmjs.org/asap/-/asap-2.0.6.tgz",
      "integrity": "sha1-5QNHYR1+aQlDIIu9r+vLwvuGbUY="
    },
    "classnames": {
      "version": "2.2.5",
      "resolved": "https://registry.npmjs.org/classnames/-/classnames-2.2.5.tgz",
      "integrity": "sha1-+zgB1FNGdknvNgPH1hoCvRKb3m0="
    },
    "co": {
      "version": "4.6.0",
      "resolved": "https://registry.npmjs.org/co/-/co-4.6.0.tgz",
      "integrity": "sha1-bqa989hTrlTMuOR7+gvz+QMfsYQ="
    },
    "content-disposition": {
      "version": "0.5.2",
      "resolved": "https://registry.npmjs.org/content-disposition/-/content-disposition-0.5.2.tgz",
      "integrity": "sha1-DPaLud318r55YcOoUXjLhdunjLQ="
    },
    "content-type": {
      "version": "1.0.4",
      "resolved": "https://registry.npmjs.org/content-type/-/content-type-1.0.4.tgz",
      "integrity": "sha512-hIP3EEPs8tB9AT1L+NUqtwOAps4mk2Zob89MWXMHjHWg9milF/j4osnnQLXBCBFBk/tvIG/tUc9mOUJiPBhPXA=="
    },
    "cookies": {
      "version": "0.7.1",
      "resolved": "https://registry.npmjs.org/cookies/-/cookies-0.7.1.tgz",
      "integrity": "sha1-fIphX1SBxhq58WyDNzG8uPZjuZs=",
      "requires": {
        "depd": "1.1.1",
        "keygrip": "1.0.2"
      }
    },
    "core-js": {
      "version": "1.2.7",
      "resolved": "https://registry.npmjs.org/core-js/-/core-js-1.2.7.tgz",
      "integrity": "sha1-ZSKUwUZR2yj6k70tX/KYOk8IxjY="
    },
    "debug": {
      "version": "3.1.0",
      "resolved": "https://registry.npmjs.org/debug/-/debug-3.1.0.tgz",
      "integrity": "sha512-OX8XqP7/1a9cqkxYw2yXss15f26NKWBpDXQd0/uK/KPqdQhxbPa994hnzjcE2VqQpDslf55723cKPUOGSmMY3g==",
      "requires": {
        "ms": "2.0.0"
      }
    },
    "deep-equal": {
      "version": "1.0.1",
      "resolved": "https://registry.npmjs.org/deep-equal/-/deep-equal-1.0.1.tgz",
      "integrity": "sha1-9dJgKStmDghO/0zbyfCK0yR0SLU="
    },
    "delegates": {
      "version": "1.0.0",
      "resolved": "https://registry.npmjs.org/delegates/-/delegates-1.0.0.tgz",
      "integrity": "sha1-hMbhWbgZBP3KWaDvRM2HDTElD5o="
    },
    "depd": {
      "version": "1.1.1",
      "resolved": "https://registry.npmjs.org/depd/-/depd-1.1.1.tgz",
      "integrity": "sha1-V4O04cRZ8G+lyif5kfPQbnoxA1k="
    },
    "destroy": {
      "version": "1.0.4",
      "resolved": "https://registry.npmjs.org/destroy/-/destroy-1.0.4.tgz",
      "integrity": "sha1-l4hXRCxEdJ5CBmE+N5RiBYJqvYA="
    },
    "ee-first": {
      "version": "1.1.1",
      "resolved": "https://registry.npmjs.org/ee-first/-/ee-first-1.1.1.tgz",
      "integrity": "sha1-WQxhFWsK4vTwJVcyoViyZrxWsh0="
    },
    "encoding": {
      "version": "0.1.12",
      "resolved": "https://registry.npmjs.org/encoding/-/encoding-0.1.12.tgz",
      "integrity": "sha1-U4tm8+5izRq1HsMjgp0flIDHS+s=",
      "requires": {
        "iconv-lite": "0.4.19"
      }
    },
    "error-inject": {
      "version": "1.0.0",
      "resolved": "https://registry.npmjs.org/error-inject/-/error-inject-1.0.0.tgz",
      "integrity": "sha1-4rPZG1Su1nLzCdlQ0VSFD6EdTzc="
    },
    "escape-html": {
      "version": "1.0.3",
      "resolved": "https://registry.npmjs.org/escape-html/-/escape-html-1.0.3.tgz",
      "integrity": "sha1-Aljq5NPQwJdN4cFpGI7wBR0dGYg="
    },
    "fbjs": {
      "version": "0.8.16",
      "resolved": "https://registry.npmjs.org/fbjs/-/fbjs-0.8.16.tgz",
      "integrity": "sha1-XmdDL1UNxBtXK/VYR7ispk5TN9s=",
      "requires": {
        "core-js": "1.2.7",
        "isomorphic-fetch": "2.2.1",
        "loose-envify": "1.3.1",
        "object-assign": "4.1.1",
        "promise": "7.3.1",
        "setimmediate": "1.0.5",
        "ua-parser-js": "0.7.17"
      }
    },
    "focus-trap": {
      "version": "2.4.2",
      "resolved": "https://registry.npmjs.org/focus-trap/-/focus-trap-2.4.2.tgz",
      "integrity": "sha512-SAeF7QzsGlG1RmdmBM5hsnwNGyOUak6f75LB8mIvj1gi63MGMtcbkaqNkMqLnMI8aQaQcdMVCSYaKLJZECIUmw==",
      "requires": {
        "tabbable": "1.1.2"
      }
    },
    "fresh": {
      "version": "0.5.2",
      "resolved": "https://registry.npmjs.org/fresh/-/fresh-0.5.2.tgz",
      "integrity": "sha1-PYyt2Q2XZWn6g1qx+OSyOhBWBac="
    },
    "http-assert": {
      "version": "1.3.0",
      "resolved": "https://registry.npmjs.org/http-assert/-/http-assert-1.3.0.tgz",
      "integrity": "sha1-oxpc+IyHPsu1eWkH1NbxMujAHko=",
      "requires": {
        "deep-equal": "1.0.1",
        "http-errors": "1.6.2"
      }
    },
    "http-errors": {
      "version": "1.6.2",
      "resolved": "https://registry.npmjs.org/http-errors/-/http-errors-1.6.2.tgz",
      "integrity": "sha1-CgAsyFcHGSp+eUbO7cERVfYOxzY=",
      "requires": {
        "depd": "1.1.1",
        "inherits": "2.0.3",
        "setprototypeof": "1.0.3",
        "statuses": "1.4.0"
      }
    },
    "iconv-lite": {
      "version": "0.4.19",
      "resolved": "https://registry.npmjs.org/iconv-lite/-/iconv-lite-0.4.19.tgz",
      "integrity": "sha512-oTZqweIP51xaGPI4uPa56/Pri/480R+mo7SeU+YETByQNhDG55ycFyNLIgta9vXhILrxXDmF7ZGhqZIcuN0gJQ=="
    },
    "inherits": {
      "version": "2.0.3",
      "resolved": "https://registry.npmjs.org/inherits/-/inherits-2.0.3.tgz",
      "integrity": "sha1-Yzwsg+PaQqUC9SRmAiSA9CCCYd4="
    },
    "is-generator-function": {
      "version": "1.0.6",
      "resolved": "https://registry.npmjs.org/is-generator-function/-/is-generator-function-1.0.6.tgz",
      "integrity": "sha1-nnFlPNFf/zQcecQVFGChMdMen8Q="
    },
    "is-stream": {
      "version": "1.1.0",
      "resolved": "https://registry.npmjs.org/is-stream/-/is-stream-1.1.0.tgz",
      "integrity": "sha1-EtSj3U5o4Lec6428hBc66A2RykQ="
    },
    "isomorphic-fetch": {
      "version": "2.2.1",
      "resolved": "https://registry.npmjs.org/isomorphic-fetch/-/isomorphic-fetch-2.2.1.tgz",
      "integrity": "sha1-YRrhrPFPXoH3KVB0coGf6XM1WKk=",
      "requires": {
        "node-fetch": "1.7.3",
        "whatwg-fetch": "2.0.3"
      }
    },
    "js-tokens": {
      "version": "3.0.2",
      "resolved": "https://registry.npmjs.org/js-tokens/-/js-tokens-3.0.2.tgz",
      "integrity": "sha1-mGbfOVECEw449/mWvOtlRDIJwls="
    },
    "keygrip": {
      "version": "1.0.2",
      "resolved": "https://registry.npmjs.org/keygrip/-/keygrip-1.0.2.tgz",
      "integrity": "sha1-rTKXxVcGneqLz+ek+kkbdcXd65E="
    },
    "koa": {
      "version": "2.4.1",
      "resolved": "https://registry.npmjs.org/koa/-/koa-2.4.1.tgz",
      "integrity": "sha512-3caQ9OyLDYSL3wAhVfv2s9k3tLNgW18QxnKIPaRjzG9uXyDhp4tOo+U+XtbY+xbzEiCW5smjxMCegpZqCjmjMw==",
      "requires": {
        "accepts": "1.3.4",
        "content-disposition": "0.5.2",
        "content-type": "1.0.4",
        "cookies": "0.7.1",
        "debug": "3.1.0",
        "delegates": "1.0.0",
        "depd": "1.1.1",
        "destroy": "1.0.4",
        "error-inject": "1.0.0",
        "escape-html": "1.0.3",
        "fresh": "0.5.2",
        "http-assert": "1.3.0",
        "http-errors": "1.6.2",
        "is-generator-function": "1.0.6",
        "koa-compose": "4.0.0",
        "koa-convert": "1.2.0",
        "koa-is-json": "1.0.0",
        "mime-types": "2.1.17",
        "on-finished": "2.3.0",
        "only": "0.0.2",
        "parseurl": "1.3.2",
        "statuses": "1.4.0",
        "type-is": "1.6.15",
        "vary": "1.1.2"
      }
    },
    "koa-compose": {
      "version": "4.0.0",
      "resolved": "https://registry.npmjs.org/koa-compose/-/koa-compose-4.0.0.tgz",
      "integrity": "sha1-KAClE9nDYe8NY4UrA45Pby1adzw="
    },
    "koa-convert": {
      "version": "1.2.0",
      "resolved": "https://registry.npmjs.org/koa-convert/-/koa-convert-1.2.0.tgz",
      "integrity": "sha1-2kCHXfSd4FOQmNFwC1CCDOvNIdA=",
      "requires": {
        "co": "4.6.0",
        "koa-compose": "3.2.1"
      },
      "dependencies": {
        "koa-compose": {
          "version": "3.2.1",
          "resolved": "https://registry.npmjs.org/koa-compose/-/koa-compose-3.2.1.tgz",
          "integrity": "sha1-qFzLQLfZhtjlo0Wzoazo6rz1Tec=",
          "requires": {
            "any-promise": "1.3.0"
          }
        }
      }
    },
    "koa-is-json": {
      "version": "1.0.0",
      "resolved": "https://registry.npmjs.org/koa-is-json/-/koa-is-json-1.0.0.tgz",
      "integrity": "sha1-JzwH7c3Ljfaiwat9We52SRRR7BQ="
    },
    "loose-envify": {
      "version": "1.3.1",
      "resolved": "https://registry.npmjs.org/loose-envify/-/loose-envify-1.3.1.tgz",
      "integrity": "sha1-0aitM/qc4OcT1l/dCsi3SNR4yEg=",
      "requires": {
        "js-tokens": "3.0.2"
      }
    },
    "material-components-web": {
      "version": "0.27.0",
      "resolved": "https://registry.npmjs.org/material-components-web/-/material-components-web-0.27.0.tgz",
      "integrity": "sha512-uwMz7Q3KwjPelHvmCykv+uKyeVPZuiRlNyK3Fu6Xd397AdK0Kk0PKzKn1/ujRV+SFYB+8w/EVrYCvSI/QKJb1w==",
      "requires": {
        "@material/animation": "0.25.0",
        "@material/auto-init": "0.25.0",
        "@material/base": "0.24.0",
        "@material/button": "0.27.0",
        "@material/card": "0.27.0",
        "@material/checkbox": "0.27.0",
        "@material/dialog": "0.27.0",
        "@material/drawer": "0.27.0",
        "@material/elevation": "0.25.0",
        "@material/fab": "0.27.0",
        "@material/form-field": "0.27.0",
        "@material/grid-list": "0.27.0",
        "@material/icon-toggle": "0.27.0",
        "@material/layout-grid": "0.24.0",
        "@material/linear-progress": "0.27.0",
        "@material/list": "0.27.0",
        "@material/menu": "0.27.0",
        "@material/radio": "0.27.0",
        "@material/ripple": "0.27.0",
        "@material/rtl": "0.1.8",
        "@material/select": "0.27.0",
        "@material/selection-control": "0.27.0",
        "@material/slider": "0.27.0",
        "@material/snackbar": "0.27.0",
        "@material/switch": "0.27.0",
        "@material/tabs": "0.27.0",
        "@material/textfield": "0.27.0",
        "@material/theme": "0.27.0",
        "@material/toolbar": "0.27.0",
        "@material/typography": "0.3.0"
      }
    },
    "media-typer": {
      "version": "0.3.0",
      "resolved": "https://registry.npmjs.org/media-typer/-/media-typer-0.3.0.tgz",
      "integrity": "sha1-hxDXrwqmJvj/+hzgAWhUUmMlV0g="
    },
    "mime-db": {
      "version": "1.30.0",
      "resolved": "https://registry.npmjs.org/mime-db/-/mime-db-1.30.0.tgz",
      "integrity": "sha1-dMZD2i3Z1qRTmZY0ZbJtXKfXHwE="
    },
    "mime-types": {
      "version": "2.1.17",
      "resolved": "https://registry.npmjs.org/mime-types/-/mime-types-2.1.17.tgz",
      "integrity": "sha1-Cdejk/A+mVp5+K+Fe3Cp4KsWVXo=",
      "requires": {
        "mime-db": "1.30.0"
      }
    },
    "ms": {
      "version": "2.0.0",
      "resolved": "https://registry.npmjs.org/ms/-/ms-2.0.0.tgz",
      "integrity": "sha1-VgiurfwAvmwpAd9fmGF4jeDVl8g="
    },
    "negotiator": {
      "version": "0.6.1",
      "resolved": "https://registry.npmjs.org/negotiator/-/negotiator-0.6.1.tgz",
      "integrity": "sha1-KzJxhOiZIQEXeyhWP7XnECrNDKk="
    },
    "node-fetch": {
      "version": "1.7.3",
      "resolved": "https://registry.npmjs.org/node-fetch/-/node-fetch-1.7.3.tgz",
      "integrity": "sha512-NhZ4CsKx7cYm2vSrBAr2PvFOe6sWDf0UYLRqA6svUYg7+/TSfVAu49jYC4BvQ4Sms9SZgdqGBgroqfDhJdTyKQ==",
      "requires": {
        "encoding": "0.1.12",
        "is-stream": "1.1.0"
      }
    },
    "object-assign": {
      "version": "4.1.1",
      "resolved": "https://registry.npmjs.org/object-assign/-/object-assign-4.1.1.tgz",
      "integrity": "sha1-IQmtx5ZYh8/AXLvUQsrIv7s2CGM="
    },
    "on-finished": {
      "version": "2.3.0",
      "resolved": "https://registry.npmjs.org/on-finished/-/on-finished-2.3.0.tgz",
      "integrity": "sha1-IPEzZIGwg811M3mSoWlxqi2QaUc=",
      "requires": {
        "ee-first": "1.1.1"
      }
    },
    "only": {
      "version": "0.0.2",
      "resolved": "https://registry.npmjs.org/only/-/only-0.0.2.tgz",
      "integrity": "sha1-Kv3oTQPlC5qO3EROMGEKcCle37Q="
    },
    "parseurl": {
      "version": "1.3.2",
      "resolved": "https://registry.npmjs.org/parseurl/-/parseurl-1.3.2.tgz",
      "integrity": "sha1-/CidTtiZMRlGDBViUyYs3I3mW/M="
    },
    "promise": {
      "version": "7.3.1",
      "resolved": "https://registry.npmjs.org/promise/-/promise-7.3.1.tgz",
      "integrity": "sha512-nolQXZ/4L+bP/UGlkfaIujX9BKxGwmQ9OT4mOt5yvy8iK1h3wqTEJCijzGANTCCl9nWjY41juyAn2K3Q1hLLTg==",
      "requires": {
        "asap": "2.0.6"
      }
    },
    "prop-types": {
      "version": "15.6.0",
      "resolved": "https://registry.npmjs.org/prop-types/-/prop-types-15.6.0.tgz",
      "integrity": "sha1-zq8IMCL8RrSjX2nhPvda7Q1jmFY=",
      "requires": {
        "fbjs": "0.8.16",
        "loose-envify": "1.3.1",
        "object-assign": "4.1.1"
      }
    },
    "react": {
      "version": "16.2.0",
      "resolved": "https://registry.npmjs.org/react/-/react-16.2.0.tgz",
      "integrity": "sha512-ZmIomM7EE1DvPEnSFAHZn9Vs9zJl5A9H7el0EGTE6ZbW9FKe/14IYAlPbC8iH25YarEQxZL+E8VW7Mi7kfQrDQ==",
      "requires": {
        "fbjs": "0.8.16",
        "loose-envify": "1.3.1",
        "object-assign": "4.1.1",
        "prop-types": "15.6.0"
      }
    },
    "react-dom": {
      "version": "16.2.0",
      "resolved": "https://registry.npmjs.org/react-dom/-/react-dom-16.2.0.tgz",
      "integrity": "sha512-zpGAdwHVn9K0091d+hr+R0qrjoJ84cIBFL2uU60KvWBPfZ7LPSrfqviTxGHWN0sjPZb2hxWzMexwrvJdKePvjg==",
      "requires": {
        "fbjs": "0.8.16",
        "loose-envify": "1.3.1",
        "object-assign": "4.1.1",
        "prop-types": "15.6.0"
      }
    },
    "rmwc": {
      "version": "0.0.1-rc11",
      "resolved": "https://registry.npmjs.org/rmwc/-/rmwc-0.0.1-rc11.tgz",
      "integrity": "sha512-HU+DiDFFr2AKgKnLBp6bJoHGIL5MsNTGDub0x/DD7gOqt44J1/o0gjX7P3ryN55Zp1q8Ph3dAXQXyKexDKpP9Q==",
      "requires": {
        "classnames": "2.2.5",
        "material-components-web": "0.26.0",
        "prop-types": "15.6.0"
      },
      "dependencies": {
        "@material/button": {
          "version": "0.26.0",
          "resolved": "https://registry.npmjs.org/@material/button/-/button-0.26.0.tgz",
          "integrity": "sha512-C6zZOxe39JSrNs+DLgfZzu224o2l40G3UeJYHJyOz++FSrIaGvHf46L+c0qcqFmo/irr0DG0zrnDpF7pnrWlnA==",
          "requires": {
            "@material/elevation": "0.25.0",
            "@material/ripple": "0.26.0",
            "@material/theme": "0.25.0",
            "@material/typography": "0.3.0"
          }
        },
        "@material/card": {
          "version": "0.25.0",
          "resolved": "https://registry.npmjs.org/@material/card/-/card-0.25.0.tgz",
          "integrity": "sha512-vpNXUj90uBqf0UlEqw8yDS6X9a5y5QGu+8sQznQLrLfXVKRXzMVix25QDdV5MF1lJoAeLzmWGC/jRBeVN2i0fw==",
          "requires": {
            "@material/elevation": "0.25.0",
            "@material/rtl": "0.1.8",
            "@material/theme": "0.25.0",
            "@material/typography": "0.3.0"
          }
        },
        "@material/checkbox": {
          "version": "0.26.0",
          "resolved": "https://registry.npmjs.org/@material/checkbox/-/checkbox-0.26.0.tgz",
          "integrity": "sha512-uRBJbM/TF7BT7ipdPOsaCg9QhSKJqoxy5s9DVTPNZbp41T7T0BWE4gACIj2fg8xnd+tVQwedSiKFiDvwJS627Q==",
          "requires": {
            "@material/animation": "0.25.0",
            "@material/base": "0.24.0",
            "@material/ripple": "0.26.0",
            "@material/rtl": "0.1.8",
            "@material/selection-control": "0.26.0",
            "@material/theme": "0.25.0"
          }
        },
        "@material/dialog": {
          "version": "0.26.0",
          "resolved": "https://registry.npmjs.org/@material/dialog/-/dialog-0.26.0.tgz",
          "integrity": "sha512-kZ124cMiqnx6CngXHu33hJvOFvKzYk7j0AZURK6RsLfSDLJc6C3bT8eUQMvnKr81xNg2dLFTKtUwID3O2PqUQw==",
          "requires": {
            "@material/animation": "0.25.0",
            "@material/base": "0.24.0",
            "@material/elevation": "0.25.0",
            "@material/ripple": "0.26.0",
            "@material/rtl": "0.1.8",
            "@material/theme": "0.25.0",
            "@material/typography": "0.1.1",
            "focus-trap": "2.4.2"
          },
          "dependencies": {
            "@material/typography": {
              "version": "0.1.1",
              "resolved": "https://registry.npmjs.org/@material/typography/-/typography-0.1.1.tgz",
              "integrity": "sha1-+y40N70yhNOen7kUhXZ63msr0ME="
            }
          }
        },
        "@material/drawer": {
          "version": "0.26.0",
          "resolved": "https://registry.npmjs.org/@material/drawer/-/drawer-0.26.0.tgz",
          "integrity": "sha512-h+vlos6RJNpnAPxtZ75yFjpMY7ek2gg4C6bLbevrLjGRNRKe7AU/WZN859Eb21BG10XgY2t67O4zf5mqwm1Ykg==",
          "requires": {
            "@material/animation": "0.25.0",
            "@material/base": "0.24.0",
            "@material/elevation": "0.25.0",
            "@material/rtl": "0.1.8",
            "@material/theme": "0.25.0",
            "@material/typography": "0.3.0"
          }
        },
        "@material/fab": {
          "version": "0.26.0",
          "resolved": "https://registry.npmjs.org/@material/fab/-/fab-0.26.0.tgz",
          "integrity": "sha512-IXVusEgThb3PakfZmBTAVo74VCefTUvZbObc9YfVhW7IdG0iWTKp8WiYB/uvd4EdEbJ1gCqv/JhxDAN79nstAQ==",
          "requires": {
            "@material/animation": "0.25.0",
            "@material/elevation": "0.25.0",
            "@material/ripple": "0.26.0",
            "@material/theme": "0.25.0"
          }
        },
        "@material/form-field": {
          "version": "0.26.0",
          "resolved": "https://registry.npmjs.org/@material/form-field/-/form-field-0.26.0.tgz",
          "integrity": "sha512-82hjXb4RG4wIxyWKWlFN6P4K32kF19YAuoWqIuvBK0tmsh5SOqnNUN0a3MVMKfwIxm0LmVATVyJ8V+ZcAGHfrg==",
          "requires": {
            "@material/base": "0.24.0",
            "@material/rtl": "0.1.8",
            "@material/selection-control": "0.26.0",
            "@material/theme": "0.25.0",
            "@material/typography": "0.3.0"
          }
        },
        "@material/grid-list": {
          "version": "0.25.0",
          "resolved": "https://registry.npmjs.org/@material/grid-list/-/grid-list-0.25.0.tgz",
          "integrity": "sha512-oBZd9B3+9VWqpZxoQ2TweeGjAdzl8b6pPtcCgi7lZN6iR2qIZgNqm7+UYwKKCJ9/YtL3YTqFxT9piRE4V+cWKA==",
          "requires": {
            "@material/base": "0.24.0",
            "@material/rtl": "0.1.8",
            "@material/theme": "0.25.0",
            "@material/typography": "0.3.0"
          }
        },
        "@material/icon-toggle": {
          "version": "0.26.0",
          "resolved": "https://registry.npmjs.org/@material/icon-toggle/-/icon-toggle-0.26.0.tgz",
          "integrity": "sha512-hy53z3rUQZMi1Xrgi+8NGcB6gNIbxDXd51oWToQdZXNhX1s1g2ZTCdhsLLjgUbLWYw+sK+oM6wAaoe9L/NkE9w==",
          "requires": {
            "@material/animation": "0.25.0",
            "@material/base": "0.24.0",
            "@material/ripple": "0.26.0",
            "@material/theme": "0.25.0"
          }
        },
        "@material/linear-progress": {
          "version": "0.25.0",
          "resolved": "https://registry.npmjs.org/@material/linear-progress/-/linear-progress-0.25.0.tgz",
          "integrity": "sha512-HuXik01tDbKWZvym7T6savELmbtKnkK6E9YpNFejIVGjlv/HUrISGgwXUqV6rHdGvttVi0OmIt+nvD5Dd+z33A==",
          "requires": {
            "@material/animation": "0.25.0",
            "@material/base": "0.24.0",
            "@material/theme": "0.25.0"
          }
        },
        "@material/list": {
          "version": "0.26.0",
          "resolved": "https://registry.npmjs.org/@material/list/-/list-0.26.0.tgz",
          "integrity": "sha512-oh/iC+G8LDqjy6vjmJG7XO3q7+D6rlFJawsbLbupOE/I5aU9y7D+I2X+LJf7yXxEVNKLVscyd6Q62LLr/1xCTA==",
          "requires": {
            "@material/ripple": "0.26.0",
            "@material/rtl": "0.1.8",
            "@material/theme": "0.25.0",
            "@material/typography": "0.3.0"
          }
        },
        "@material/menu": {
          "version": "0.25.0",
          "resolved": "https://registry.npmjs.org/@material/menu/-/menu-0.25.0.tgz",
          "integrity": "sha512-PpmmQBs0Qh9cPp8wel5iJ56tJfXXVPTIHB6CchY1kd9EBe+k+N7E/ziZRI3aDd1FQqu+q8/CHhqv0s7ac5yviA==",
          "requires": {
            "@material/animation": "0.25.0",
            "@material/base": "0.24.0",
            "@material/elevation": "0.25.0",
            "@material/theme": "0.25.0",
            "@material/typography": "0.3.0"
          }
        },
        "@material/radio": {
          "version": "0.26.0",
          "resolved": "https://registry.npmjs.org/@material/radio/-/radio-0.26.0.tgz",
          "integrity": "sha512-/WaaBR6qbTu96oRkDMjfG8G42WIyUlJe+18jLAUqqAADf4uZjwjIl131k3O3uCX/1iEziql2GweigaE/g0vtog==",
          "requires": {
            "@material/animation": "0.25.0",
            "@material/base": "0.24.0",
            "@material/ripple": "0.26.0",
            "@material/selection-control": "0.26.0",
            "@material/theme": "0.25.0"
          }
        },
        "@material/ripple": {
          "version": "0.26.0",
          "resolved": "https://registry.npmjs.org/@material/ripple/-/ripple-0.26.0.tgz",
          "integrity": "sha512-p4B7W/89j1ywYrM7VOsWJ3BWxH3kIezwW+02LoHlFQdtCoYyHa8DNco6XFgawS052iFmfaTpLPIQN3BILz4eBQ==",
          "requires": {
            "@material/base": "0.24.0",
            "@material/theme": "0.25.0"
          }
        },
        "@material/select": {
          "version": "0.26.0",
          "resolved": "https://registry.npmjs.org/@material/select/-/select-0.26.0.tgz",
          "integrity": "sha512-0oFpvECLBA9e0OCkvAkunHAVcs6P5UR6ArOtecMiqfXtHRsm13A5TOnRqTRZIrqrFP+7cXjj9WARyPvEckAvUQ==",
          "requires": {
            "@material/animation": "0.25.0",
            "@material/base": "0.24.0",
            "@material/list": "0.26.0",
            "@material/menu": "0.25.0",
            "@material/rtl": "0.1.8",
            "@material/theme": "0.25.0",
            "@material/typography": "0.3.0"
          }
        },
        "@material/selection-control": {
          "version": "0.26.0",
          "resolved": "https://registry.npmjs.org/@material/selection-control/-/selection-control-0.26.0.tgz",
          "integrity": "sha512-7zRuZETlru8hnc7vy5j+oc5ngEXGzlCptWvIl6UZy62gwN0I+6v3OrT5J8wFmARA3ouCtNOsJg5T5NiqOsxc8w==",
          "requires": {
            "@material/ripple": "0.26.0"
          }
        },
        "@material/slider": {
          "version": "0.26.0",
          "resolved": "https://registry.npmjs.org/@material/slider/-/slider-0.26.0.tgz",
          "integrity": "sha512-H8VM91ixBsQoKTuJflwU0Qho2HMqQAjpLJS8F5pNGokQ7f304Y5iK0tvqjLalXNJSBJUTPJqVQxGuwLFIQplCA==",
          "requires": {
            "@material/animation": "0.25.0",
            "@material/base": "0.24.0",
            "@material/rtl": "0.1.8",
            "@material/theme": "0.25.0"
          }
        },
        "@material/snackbar": {
          "version": "0.25.0",
          "resolved": "https://registry.npmjs.org/@material/snackbar/-/snackbar-0.25.0.tgz",
          "integrity": "sha512-fpcXBsme7jKbE+VJD1ifPzw3ix7HY2bPIf0FSQ2vbmmVc+PlDUHU+lSCGWHn8BdBbA4adgu0P084EidHK2q+EA==",
          "requires": {
            "@material/animation": "0.25.0",
            "@material/base": "0.24.0",
            "@material/rtl": "0.1.8",
            "@material/theme": "0.25.0",
            "@material/typography": "0.3.0"
          }
        },
        "@material/switch": {
          "version": "0.25.0",
          "resolved": "https://registry.npmjs.org/@material/switch/-/switch-0.25.0.tgz",
          "integrity": "sha512-FvjWlv+dtZG5bkJ+H+BREw4y0L/C2kT4qJGX1+Uaw9fl+Yz8j9SL8V27q2d7i/xtZIADHsFUxbBsPiqzvOM4ig==",
          "requires": {
            "@material/animation": "0.25.0",
            "@material/elevation": "0.25.0",
            "@material/theme": "0.25.0"
          }
        },
        "@material/tabs": {
          "version": "0.26.0",
          "resolved": "https://registry.npmjs.org/@material/tabs/-/tabs-0.26.0.tgz",
          "integrity": "sha512-GY33jQ7FRRlVfSX70O01nruRyTkN5qyh5DX3bIWitcrtpBv6GYMvNn/uM2uI8067wzObLcA/nURSSpnMxYFSaw==",
          "requires": {
            "@material/animation": "0.25.0",
            "@material/base": "0.24.0",
            "@material/ripple": "0.26.0",
            "@material/rtl": "0.1.8",
            "@material/theme": "0.25.0",
            "@material/typography": "0.3.0"
          }
        },
        "@material/textfield": {
          "version": "0.26.0",
          "resolved": "https://registry.npmjs.org/@material/textfield/-/textfield-0.26.0.tgz",
          "integrity": "sha512-Vb9VMfk14OGFlaIBxrFkvHnWzmH6C4mMFRUhAbizuPfAfRPp8Ap39c0G89RFUfjxUfdlME2w3A9yk4kPeJqEDQ==",
          "requires": {
            "@material/animation": "0.25.0",
            "@material/base": "0.24.0",
            "@material/ripple": "0.26.0",
            "@material/rtl": "0.1.8",
            "@material/theme": "0.25.0",
            "@material/typography": "0.3.0"
          }
        },
        "@material/theme": {
          "version": "0.25.0",
          "resolved": "https://registry.npmjs.org/@material/theme/-/theme-0.25.0.tgz",
          "integrity": "sha512-12JyZlMStatIecXFfiQrEQb0BBVJOCm4cl54j/R3VkOehcIsvG9Z9Y42AJ/DlyRlbQ7J3rkdevf6c5osQXZvKA=="
        },
        "@material/toolbar": {
          "version": "0.25.0",
          "resolved": "https://registry.npmjs.org/@material/toolbar/-/toolbar-0.25.0.tgz",
          "integrity": "sha512-KwYe0RfA0KwGKepnZHQASM7JU2V3HtlsQMD4K/FlA5J87Zf9DrNRIlF59hmi98KGeYbkv5Z/gz4l/gVh/c4tJw==",
          "requires": {
            "@material/base": "0.24.0",
            "@material/elevation": "0.25.0",
            "@material/rtl": "0.1.8",
            "@material/theme": "0.25.0",
            "@material/typography": "0.3.0"
          }
        },
        "material-components-web": {
          "version": "0.26.0",
          "resolved": "https://registry.npmjs.org/material-components-web/-/material-components-web-0.26.0.tgz",
          "integrity": "sha512-PHWksxD449yJagLtTn4FAZBaZ2iISVBdFvIg48r1qehZAf+E3aBse09pQDVw50yimBfsIlOjLef7Gcb7XMHFMQ==",
          "requires": {
            "@material/animation": "0.25.0",
            "@material/auto-init": "0.25.0",
            "@material/base": "0.24.0",
            "@material/button": "0.26.0",
            "@material/card": "0.25.0",
            "@material/checkbox": "0.26.0",
            "@material/dialog": "0.26.0",
            "@material/drawer": "0.26.0",
            "@material/elevation": "0.25.0",
            "@material/fab": "0.26.0",
            "@material/form-field": "0.26.0",
            "@material/grid-list": "0.25.0",
            "@material/icon-toggle": "0.26.0",
            "@material/layout-grid": "0.24.0",
            "@material/linear-progress": "0.25.0",
            "@material/list": "0.26.0",
            "@material/menu": "0.25.0",
            "@material/radio": "0.26.0",
            "@material/ripple": "0.26.0",
            "@material/rtl": "0.1.8",
            "@material/select": "0.26.0",
            "@material/selection-control": "0.26.0",
            "@material/slider": "0.26.0",
            "@material/snackbar": "0.25.0",
            "@material/switch": "0.25.0",
            "@material/tabs": "0.26.0",
            "@material/textfield": "0.26.0",
            "@material/theme": "0.25.0",
            "@material/toolbar": "0.25.0",
            "@material/typography": "0.3.0"
          }
        }
      }
    },
    "setimmediate": {
      "version": "1.0.5",
      "resolved": "https://registry.npmjs.org/setimmediate/-/setimmediate-1.0.5.tgz",
      "integrity": "sha1-KQy7Iy4waULX1+qbg3Mqt4VvgoU="
    },
    "setprototypeof": {
      "version": "1.0.3",
      "resolved": "https://registry.npmjs.org/setprototypeof/-/setprototypeof-1.0.3.tgz",
      "integrity": "sha1-ZlZ+NwQ+608E2RvWWMDL77VbjgQ="
    },
    "statuses": {
      "version": "1.4.0",
      "resolved": "https://registry.npmjs.org/statuses/-/statuses-1.4.0.tgz",
      "integrity": "sha512-zhSCtt8v2NDrRlPQpCNtw/heZLtfUDqxBM1udqikb/Hbk52LK4nQSwr10u77iopCW5LsyHpuXS0GnEc48mLeew=="
    },
    "tabbable": {
      "version": "1.1.2",
      "resolved": "https://registry.npmjs.org/tabbable/-/tabbable-1.1.2.tgz",
      "integrity": "sha512-77oqsKEPrxIwgRcXUwipkj9W5ItO97L6eUT1Ar7vh+El16Zm4M6V+YU1cbipHEa6q0Yjw8O3Hoh8oRgatV5s7A=="
    },
    "type-is": {
      "version": "1.6.15",
      "resolved": "https://registry.npmjs.org/type-is/-/type-is-1.6.15.tgz",
      "integrity": "sha1-yrEPtJCeRByChC6v4a1kbIGARBA=",
      "requires": {
        "media-typer": "0.3.0",
        "mime-types": "2.1.17"
      }
    },
    "ua-parser-js": {
      "version": "0.7.17",
      "resolved": "https://registry.npmjs.org/ua-parser-js/-/ua-parser-js-0.7.17.tgz",
      "integrity": "sha512-uRdSdu1oA1rncCQL7sCj8vSyZkgtL7faaw9Tc9rZ3mGgraQ7+Pdx7w5mnOSF3gw9ZNG6oc+KXfkon3bKuROm0g=="
    },
    "vary": {
      "version": "1.1.2",
      "resolved": "https://registry.npmjs.org/vary/-/vary-1.1.2.tgz",
      "integrity": "sha1-IpnwLG3tMNSllhsLn3RSShj2NPw="
    },
    "whatwg-fetch": {
      "version": "2.0.3",
      "resolved": "https://registry.npmjs.org/whatwg-fetch/-/whatwg-fetch-2.0.3.tgz",
      "integrity": "sha1-nITsLc9oGH/wC8ZOEnS0QhduHIQ="
    }
  }
}
